{
  "version": "4",
  "specifiers": {
    "jsr:@std/path@^1.0.6": "1.0.6",
    "jsr:@ymjacky/mqtt5@^0.0.16": "0.0.16",
    "npm:@tailwindcss/cli@*": "4.0.14",
    "npm:@tailwindcss/cli@^4.0.14": "4.0.14",
    "npm:tailwindcss@^4.0.14": "4.0.14"
  },
  "jsr": {
    "@std/path@1.0.6": {
      "integrity": "ab2c55f902b380cf28e0eec501b4906e4c1960d13f00e11cfbcd21de15f18fed"
    },
    "@ymjacky/mqtt5@0.0.16": {
      "integrity": "b7820efa41ab992555d07800dd587c1e1a9dc81b649a7fb8db61b27f7a0ef60c"
    }
  },
  "npm": {
    "@parcel/watcher-android-arm64@2.5.1": {
      "integrity": "sha512-KF8+j9nNbUN8vzOFDpRMsaKBHZ/mcjEjMToVMJOhTozkDonQFFrRcfdLWn6yWKCmJKmdVxSgHiYvTCef4/qcBA=="
    },
    "@parcel/watcher-darwin-arm64@2.5.1": {
      "integrity": "sha512-eAzPv5osDmZyBhou8PoF4i6RQXAfeKL9tjb3QzYuccXFMQU0ruIc/POh30ePnaOyD1UXdlKguHBmsTs53tVoPw=="
    },
    "@parcel/watcher-darwin-x64@2.5.1": {
      "integrity": "sha512-1ZXDthrnNmwv10A0/3AJNZ9JGlzrF82i3gNQcWOzd7nJ8aj+ILyW1MTxVk35Db0u91oD5Nlk9MBiujMlwmeXZg=="
    },
    "@parcel/watcher-freebsd-x64@2.5.1": {
      "integrity": "sha512-SI4eljM7Flp9yPuKi8W0ird8TI/JK6CSxju3NojVI6BjHsTyK7zxA9urjVjEKJ5MBYC+bLmMcbAWlZ+rFkLpJQ=="
    },
    "@parcel/watcher-linux-arm-glibc@2.5.1": {
      "integrity": "sha512-RCdZlEyTs8geyBkkcnPWvtXLY44BCeZKmGYRtSgtwwnHR4dxfHRG3gR99XdMEdQ7KeiDdasJwwvNSF5jKtDwdA=="
    },
    "@parcel/watcher-linux-arm-musl@2.5.1": {
      "integrity": "sha512-6E+m/Mm1t1yhB8X412stiKFG3XykmgdIOqhjWj+VL8oHkKABfu/gjFj8DvLrYVHSBNC+/u5PeNrujiSQ1zwd1Q=="
    },
    "@parcel/watcher-linux-arm64-glibc@2.5.1": {
      "integrity": "sha512-LrGp+f02yU3BN9A+DGuY3v3bmnFUggAITBGriZHUREfNEzZh/GO06FF5u2kx8x+GBEUYfyTGamol4j3m9ANe8w=="
    },
    "@parcel/watcher-linux-arm64-musl@2.5.1": {
      "integrity": "sha512-cFOjABi92pMYRXS7AcQv9/M1YuKRw8SZniCDw0ssQb/noPkRzA+HBDkwmyOJYp5wXcsTrhxO0zq1U11cK9jsFg=="
    },
    "@parcel/watcher-linux-x64-glibc@2.5.1": {
      "integrity": "sha512-GcESn8NZySmfwlTsIur+49yDqSny2IhPeZfXunQi48DMugKeZ7uy1FX83pO0X22sHntJ4Ub+9k34XQCX+oHt2A=="
    },
    "@parcel/watcher-linux-x64-musl@2.5.1": {
      "integrity": "sha512-n0E2EQbatQ3bXhcH2D1XIAANAcTZkQICBPVaxMeaCVBtOpBZpWJuf7LwyWPSBDITb7In8mqQgJ7gH8CILCURXg=="
    },
    "@parcel/watcher-win32-arm64@2.5.1": {
      "integrity": "sha512-RFzklRvmc3PkjKjry3hLF9wD7ppR4AKcWNzH7kXR7GUe0Igb3Nz8fyPwtZCSquGrhU5HhUNDr/mKBqj7tqA2Vw=="
    },
    "@parcel/watcher-win32-ia32@2.5.1": {
      "integrity": "sha512-c2KkcVN+NJmuA7CGlaGD1qJh1cLfDnQsHjE89E60vUEMlqduHGCdCLJCID5geFVM0dOtA3ZiIO8BoEQmzQVfpQ=="
    },
    "@parcel/watcher-win32-x64@2.5.1": {
      "integrity": "sha512-9lHBdJITeNR++EvSQVUcaZoWupyHfXe1jZvGZ06O/5MflPcuPLtEphScIBL+AiCWBO46tDSHzWyD0uDmmZqsgA=="
    },
    "@parcel/watcher@2.5.1": {
      "integrity": "sha512-dfUnCxiN9H4ap84DvD2ubjw+3vUNpstxa0TneY/Paat8a3R4uQZDLSvWjmznAY/DoahqTHl9V46HF/Zs3F29pg==",
      "dependencies": [
        "@parcel/watcher-android-arm64",
        "@parcel/watcher-darwin-arm64",
        "@parcel/watcher-darwin-x64",
        "@parcel/watcher-freebsd-x64",
        "@parcel/watcher-linux-arm-glibc",
        "@parcel/watcher-linux-arm-musl",
        "@parcel/watcher-linux-arm64-glibc",
        "@parcel/watcher-linux-arm64-musl",
        "@parcel/watcher-linux-x64-glibc",
        "@parcel/watcher-linux-x64-musl",
        "@parcel/watcher-win32-arm64",
        "@parcel/watcher-win32-ia32",
        "@parcel/watcher-win32-x64",
        "detect-libc@1.0.3",
        "is-glob",
        "micromatch",
        "node-addon-api"
      ]
    },
    "@tailwindcss/cli@4.0.14": {
      "integrity": "sha512-W/pwxYwC+GZwrB4m4ASHFfvi1eND7yIoqZ6uqkQihWP/OYfuH3v00YjEhiTQVSiRWic/MlfnKRNseO5JEEzwew==",
      "dependencies": [
        "@parcel/watcher",
        "@tailwindcss/node",
        "@tailwindcss/oxide",
        "enhanced-resolve",
        "lightningcss",
        "mri",
        "picocolors",
        "tailwindcss"
      ]
    },
    "@tailwindcss/node@4.0.14": {
      "integrity": "sha512-Ux9NbFkKWYE4rfUFz6M5JFLs/GEYP6ysxT8uSyPn6aTbh2K3xDE1zz++eVK4Vwx799fzMF8CID9sdHn4j/Ab8w==",
      "dependencies": [
        "enhanced-resolve",
        "jiti",
        "tailwindcss"
      ]
    },
    "@tailwindcss/oxide-android-arm64@4.0.14": {
      "integrity": "sha512-VBFKC2rFyfJ5J8lRwjy6ub3rgpY186kAcYgiUr8ArR8BAZzMruyeKJ6mlsD22Zp5ZLcPW/FXMasJiJBx0WsdQg=="
    },
    "@tailwindcss/oxide-darwin-arm64@4.0.14": {
      "integrity": "sha512-U3XOwLrefGr2YQZ9DXasDSNWGPZBCh8F62+AExBEDMLDfvLLgI/HDzY8Oq8p/JtqkAY38sWPOaNnRwEGKU5Zmg=="
    },
    "@tailwindcss/oxide-darwin-x64@4.0.14": {
      "integrity": "sha512-V5AjFuc3ndWGnOi1d379UsODb0TzAS2DYIP/lwEbfvafUaD2aNZIcbwJtYu2DQqO2+s/XBvDVA+w4yUyaewRwg=="
    },
    "@tailwindcss/oxide-freebsd-x64@4.0.14": {
      "integrity": "sha512-tXvtxbaZfcPfqBwW3f53lTcyH6EDT+1eT7yabwcfcxTs+8yTPqxsDUhrqe9MrnEzpNkd+R/QAjJapfd4tjWdLg=="
    },
    "@tailwindcss/oxide-linux-arm-gnueabihf@4.0.14": {
      "integrity": "sha512-cSeLNWWqIWeSTmBntQvyY2/2gcLX8rkPFfDDTQVF8qbRcRMVPLxBvFVJyfSAYRNch6ZyVH2GI6dtgALOBDpdNA=="
    },
    "@tailwindcss/oxide-linux-arm64-gnu@4.0.14": {
      "integrity": "sha512-bwDWLBalXFMDItcSXzFk6y7QKvj6oFlaY9vM+agTlwFL1n1OhDHYLZkSjaYsh6KCeG0VB0r7H8PUJVOM1LRZyg=="
    },
    "@tailwindcss/oxide-linux-arm64-musl@4.0.14": {
      "integrity": "sha512-gVkJdnR/L6iIcGYXx64HGJRmlme2FGr/aZH0W6u4A3RgPMAb+6ELRLi+UBiH83RXBm9vwCfkIC/q8T51h8vUJQ=="
    },
    "@tailwindcss/oxide-linux-x64-gnu@4.0.14": {
      "integrity": "sha512-EE+EQ+c6tTpzsg+LGO1uuusjXxYx0Q00JE5ubcIGfsogSKth8n8i2BcS2wYTQe4jXGs+BQs35l78BIPzgwLddw=="
    },
    "@tailwindcss/oxide-linux-x64-musl@4.0.14": {
      "integrity": "sha512-KCCOzo+L6XPT0oUp2Jwh233ETRQ/F6cwUnMnR0FvMUCbkDAzHbcyOgpfuAtRa5HD0WbTbH4pVD+S0pn1EhNfbw=="
    },
    "@tailwindcss/oxide-win32-arm64-msvc@4.0.14": {
      "integrity": "sha512-AHObFiFL9lNYcm3tZSPqa/cHGpM5wOrNmM2uOMoKppp+0Hom5uuyRh0QkOp7jftsHZdrZUpmoz0Mp6vhh2XtUg=="
    },
    "@tailwindcss/oxide-win32-x64-msvc@4.0.14": {
      "integrity": "sha512-rNXXMDJfCJLw/ZaFTOLOHoGULxyXfh2iXTGiChFiYTSgKBKQHIGEpV0yn5N25WGzJJ+VBnRjHzlmDqRV+d//oQ=="
    },
    "@tailwindcss/oxide@4.0.14": {
      "integrity": "sha512-M8VCNyO/NBi5vJ2cRcI9u8w7Si+i76a7o1vveoGtbbjpEYJZYiyc7f2VGps/DqawO56l3tImIbq2OT/533jcrA==",
      "dependencies": [
        "@tailwindcss/oxide-android-arm64",
        "@tailwindcss/oxide-darwin-arm64",
        "@tailwindcss/oxide-darwin-x64",
        "@tailwindcss/oxide-freebsd-x64",
        "@tailwindcss/oxide-linux-arm-gnueabihf",
        "@tailwindcss/oxide-linux-arm64-gnu",
        "@tailwindcss/oxide-linux-arm64-musl",
        "@tailwindcss/oxide-linux-x64-gnu",
        "@tailwindcss/oxide-linux-x64-musl",
        "@tailwindcss/oxide-win32-arm64-msvc",
        "@tailwindcss/oxide-win32-x64-msvc"
      ]
    },
    "braces@3.0.3": {
      "integrity": "sha512-yQbXgO/OSZVD2IsiLlro+7Hf6Q18EJrKSEsdoMzKePKXct3gvD8oLcOQdIzGupr5Fj+EDe8gO/lxc1BzfMpxvA==",
      "dependencies": [
        "fill-range"
      ]
    },
    "detect-libc@1.0.3": {
      "integrity": "sha512-pGjwhsmsp4kL2RTz08wcOlGN83otlqHeD/Z5T8GXZB+/YcpQ/dgo+lbU8ZsGxV0HIvqqxo9l7mqYwyYMD9bKDg=="
    },
    "detect-libc@2.0.3": {
      "integrity": "sha512-bwy0MGW55bG41VqxxypOsdSdGqLwXPI/focwgTYCFMbdUiBAxLg9CFzG08sz2aqzknwiX7Hkl0bQENjg8iLByw=="
    },
    "enhanced-resolve@5.18.1": {
      "integrity": "sha512-ZSW3ma5GkcQBIpwZTSRAI8N71Uuwgs93IezB7mf7R60tC8ZbJideoDNKjHn2O9KIlx6rkGTTEk1xUCK2E1Y2Yg==",
      "dependencies": [
        "graceful-fs",
        "tapable"
      ]
    },
    "fill-range@7.1.1": {
      "integrity": "sha512-YsGpe3WHLK8ZYi4tWDg2Jy3ebRz2rXowDxnld4bkQB00cc/1Zw9AWnC0i9ztDJitivtQvaI9KaLyKrc+hBW0yg==",
      "dependencies": [
        "to-regex-range"
      ]
    },
    "graceful-fs@4.2.11": {
      "integrity": "sha512-RbJ5/jmFcNNCcDV5o9eTnBLJ/HszWV0P73bc+Ff4nS/rJj+YaS6IGyiOL0VoBYX+l1Wrl3k63h/KrH+nhJ0XvQ=="
    },
    "is-extglob@2.1.1": {
      "integrity": "sha512-SbKbANkN603Vi4jEZv49LeVJMn4yGwsbzZworEoyEiutsN3nJYdbO36zfhGJ6QEDpOZIFkDtnq5JRxmvl3jsoQ=="
    },
    "is-glob@4.0.3": {
      "integrity": "sha512-xelSayHH36ZgE7ZWhli7pW34hNbNl8Ojv5KVmkJD4hBdD3th8Tfk9vYasLM+mXWOZhFkgZfxhLSnrwRr4elSSg==",
      "dependencies": [
        "is-extglob"
      ]
    },
    "is-number@7.0.0": {
      "integrity": "sha512-41Cifkg6e8TylSpdtTpeLVMqvSBEVzTttHvERD741+pnZ8ANv0004MRL43QKPDlK9cGvNp6NZWZUBlbGXYxxng=="
    },
    "jiti@2.4.2": {
      "integrity": "sha512-rg9zJN+G4n2nfJl5MW3BMygZX56zKPNVEYYqq7adpmMh4Jn2QNEwhvQlFy6jPVdcod7txZtKHWnyZiA3a0zP7A=="
    },
    "lightningcss-darwin-arm64@1.29.2": {
      "integrity": "sha512-cK/eMabSViKn/PG8U/a7aCorpeKLMlK0bQeNHmdb7qUnBkNPnL+oV5DjJUo0kqWsJUapZsM4jCfYItbqBDvlcA=="
    },
    "lightningcss-darwin-x64@1.29.2": {
      "integrity": "sha512-j5qYxamyQw4kDXX5hnnCKMf3mLlHvG44f24Qyi2965/Ycz829MYqjrVg2H8BidybHBp9kom4D7DR5VqCKDXS0w=="
    },
    "lightningcss-freebsd-x64@1.29.2": {
      "integrity": "sha512-wDk7M2tM78Ii8ek9YjnY8MjV5f5JN2qNVO+/0BAGZRvXKtQrBC4/cn4ssQIpKIPP44YXw6gFdpUF+Ps+RGsCwg=="
    },
    "lightningcss-linux-arm-gnueabihf@1.29.2": {
      "integrity": "sha512-IRUrOrAF2Z+KExdExe3Rz7NSTuuJ2HvCGlMKoquK5pjvo2JY4Rybr+NrKnq0U0hZnx5AnGsuFHjGnNT14w26sg=="
    },
    "lightningcss-linux-arm64-gnu@1.29.2": {
      "integrity": "sha512-KKCpOlmhdjvUTX/mBuaKemp0oeDIBBLFiU5Fnqxh1/DZ4JPZi4evEH7TKoSBFOSOV3J7iEmmBaw/8dpiUvRKlQ=="
    },
    "lightningcss-linux-arm64-musl@1.29.2": {
      "integrity": "sha512-Q64eM1bPlOOUgxFmoPUefqzY1yV3ctFPE6d/Vt7WzLW4rKTv7MyYNky+FWxRpLkNASTnKQUaiMJ87zNODIrrKQ=="
    },
    "lightningcss-linux-x64-gnu@1.29.2": {
      "integrity": "sha512-0v6idDCPG6epLXtBH/RPkHvYx74CVziHo6TMYga8O2EiQApnUPZsbR9nFNrg2cgBzk1AYqEd95TlrsL7nYABQg=="
    },
    "lightningcss-linux-x64-musl@1.29.2": {
      "integrity": "sha512-rMpz2yawkgGT8RULc5S4WiZopVMOFWjiItBT7aSfDX4NQav6M44rhn5hjtkKzB+wMTRlLLqxkeYEtQ3dd9696w=="
    },
    "lightningcss-win32-arm64-msvc@1.29.2": {
      "integrity": "sha512-nL7zRW6evGQqYVu/bKGK+zShyz8OVzsCotFgc7judbt6wnB2KbiKKJwBE4SGoDBQ1O94RjW4asrCjQL4i8Fhbw=="
    },
    "lightningcss-win32-x64-msvc@1.29.2": {
      "integrity": "sha512-EdIUW3B2vLuHmv7urfzMI/h2fmlnOQBk1xlsDxkN1tCWKjNFjfLhGxYk8C8mzpSfr+A6jFFIi8fU6LbQGsRWjA=="
    },
    "lightningcss@1.29.2": {
      "integrity": "sha512-6b6gd/RUXKaw5keVdSEtqFVdzWnU5jMxTUjA2bVcMNPLwSQ08Sv/UodBVtETLCn7k4S1Ibxwh7k68IwLZPgKaA==",
      "dependencies": [
        "detect-libc@2.0.3",
        "lightningcss-darwin-arm64",
        "lightningcss-darwin-x64",
        "lightningcss-freebsd-x64",
        "lightningcss-linux-arm-gnueabihf",
        "lightningcss-linux-arm64-gnu",
        "lightningcss-linux-arm64-musl",
        "lightningcss-linux-x64-gnu",
        "lightningcss-linux-x64-musl",
        "lightningcss-win32-arm64-msvc",
        "lightningcss-win32-x64-msvc"
      ]
    },
    "micromatch@4.0.8": {
      "integrity": "sha512-PXwfBhYu0hBCPw8Dn0E+WDYb7af3dSLVWKi3HGv84IdF4TyFoC0ysxFd0Goxw7nSv4T/PzEJQxsYsEiFCKo2BA==",
      "dependencies": [
        "braces",
        "picomatch"
      ]
    },
    "mri@1.2.0": {
      "integrity": "sha512-tzzskb3bG8LvYGFF/mDTpq3jpI6Q9wc3LEmBaghu+DdCssd1FakN7Bc0hVNmEyGq1bq3RgfkCb3cmQLpNPOroA=="
    },
    "node-addon-api@7.1.1": {
      "integrity": "sha512-5m3bsyrjFWE1xf7nz7YXdN4udnVtXK6/Yfgn5qnahL6bCkf2yKt4k3nuTKAtT4r3IG8JNR2ncsIMdZuAzJjHQQ=="
    },
    "picocolors@1.1.1": {
      "integrity": "sha512-xceH2snhtb5M9liqDsmEw56le376mTZkEX/jEb/RxNFyegNul7eNslCXP9FDj/Lcu0X8KEyMceP2ntpaHrDEVA=="
    },
    "picomatch@2.3.1": {
      "integrity": "sha512-JU3teHTNjmE2VCGFzuY8EXzCDVwEqB2a8fsIvwaStHhAWJEeVd1o1QD80CU6+ZdEXXSLbSsuLwJjkCBWqRQUVA=="
    },
    "tailwindcss@4.0.14": {
      "integrity": "sha512-92YT2dpt671tFiHH/e1ok9D987N9fHD5VWoly1CdPD/Cd1HMglvZwP3nx2yTj2lbXDAHt8QssZkxTLCCTNL+xw=="
    },
    "tapable@2.2.1": {
      "integrity": "sha512-GNzQvQTOIP6RyTfE2Qxb8ZVlNmw0n88vp1szwWRimP02mnTsx3Wtn5qRdqY9w2XduFNUgvOwhNnQsjwCp+kqaQ=="
    },
    "to-regex-range@5.0.1": {
      "integrity": "sha512-65P7iz6X5yEr1cwcgvQxbbIw7Uk3gOy5dIdtZ4rDveLqhrdJP+Li/Hx6tyK0NEb+2GCyneCMJiGqrADCSNk8sQ==",
      "dependencies": [
        "is-number"
      ]
    }
  },
  "redirects": {
    "https://deno.land/std/uuid/mod.ts": "https://deno.land/std@0.224.0/uuid/mod.ts"
  },
  "remote": {
    "https://deno.land/std@0.140.0/async/abortable.ts": "87aa7230be8360c24ad437212311c9e8d4328854baec27b4c7abb26e85515c06",
    "https://deno.land/std@0.140.0/async/deadline.ts": "48ac998d7564969f3e6ec6b6f9bf0217ebd00239b1b2292feba61272d5dd58d0",
    "https://deno.land/std@0.140.0/async/debounce.ts": "564273ef242bcfcda19a439132f940db8694173abffc159ea34f07d18fc42620",
    "https://deno.land/std@0.140.0/async/deferred.ts": "bc18e28108252c9f67dfca2bbc4587c3cbf3aeb6e155f8c864ca8ecff992b98a",
    "https://deno.land/std@0.140.0/async/delay.ts": "cbbdf1c87d1aed8edc7bae13592fb3e27e3106e0748f089c263390d4f49e5f6c",
    "https://deno.land/std@0.140.0/async/mod.ts": "6e42e275b44367361a81842dd1a789c55ab206d7c8a877d7163ab5c460625be6",
    "https://deno.land/std@0.140.0/async/mux_async_iterator.ts": "f4d1d259b0c694d381770ddaaa4b799a94843eba80c17f4a2ec2949168e52d1e",
    "https://deno.land/std@0.140.0/async/pool.ts": "97b0dd27c69544e374df857a40902e74e39532f226005543eabacb551e277082",
    "https://deno.land/std@0.140.0/async/tee.ts": "1341feb1f5b1a96f8628d0f8fc07d8c43d3813423f18a63bf1b4785568d21b1f",
    "https://deno.land/std@0.140.0/http/server.ts": "3da75405704bebcf212a55966a68a489f7e094ba52b5d38f181fe0ef8461a55d",
    "https://deno.land/std@0.224.0/assert/assert.ts": "09d30564c09de846855b7b071e62b5974b001bb72a4b797958fe0660e7849834",
    "https://deno.land/std@0.224.0/assert/assertion_error.ts": "ba8752bd27ebc51f723702fac2f54d3e94447598f54264a6653d6413738a8917",
    "https://deno.land/std@0.224.0/async/delay.ts": "f90dd685b97c2f142b8069082993e437b1602b8e2561134827eeb7c12b95c499",
    "https://deno.land/std@0.224.0/bytes/concat.ts": "86161274b5546a02bdb3154652418efe7af8c9310e8d54107a68aaa148e0f5ed",
    "https://deno.land/std@0.224.0/crypto/_wasm/lib/deno_std_wasm_crypto.generated.mjs": "7cd490ae1553c97459bd02de4c3f0a552768a85621949b2366003f3cf84b99d7",
    "https://deno.land/std@0.224.0/crypto/_wasm/mod.ts": "e89fbbc3c4722602ff975dd85f18273c7741ec766a9b68f6de4fd1d9876409f8",
    "https://deno.land/std@0.224.0/crypto/crypto.ts": "e58d78f3db111a499261dbab037ec78cc89da0516a50e1f0205665980a3417e3",
    "https://deno.land/std@0.224.0/http/server.ts": "f9313804bf6467a1704f45f76cb6cd0a3396a3b31c316035e6a4c2035d1ea514",
    "https://deno.land/std@0.224.0/uuid/_common.ts": "05c787c5735776c4e48e30294878332c39cb7738f50b209df4eb9f2b0facce4d",
    "https://deno.land/std@0.224.0/uuid/constants.ts": "eb6c96871e968adf3355507d7ae79adce71525fd6c1ca55c51d32ace0196d64e",
    "https://deno.land/std@0.224.0/uuid/mod.ts": "cefc8e2f77d9e493739c8dc4ec141b12b855414bf757e778bf9b00f783506b76",
    "https://deno.land/std@0.224.0/uuid/v1.ts": "cc45e7eb1d463d7d38b21a3c6e4de55ff98598ca442309321575fe841b323a54",
    "https://deno.land/std@0.224.0/uuid/v3.ts": "689f2d64a9460a75877a2eed94662d9cb31bedb890d72fce0d161ef47d66cc26",
    "https://deno.land/std@0.224.0/uuid/v4.ts": "1319a2eeff7259adda416ec5f7997ded80d3165ef0787012793fc8621c18c493",
    "https://deno.land/std@0.224.0/uuid/v5.ts": "75f76d9e53583572fe3d4893168530986222d439b1545b56d4493c6d5d1cd81d"
  },
  "workspace": {
    "dependencies": [
      "jsr:@std/path@^1.0.6",
      "jsr:@ymjacky/mqtt5@^0.0.16",
      "npm:@tailwindcss/cli@^4.0.14",
      "npm:tailwindcss@^4.0.14"
    ]
  }
}
